// !$*UTF8*$!
{
	archiveVersion = 1;
	classes = {
	};
	objectVersion = 50;
	objects = {

/* Begin PBXBuildFile section */
		C2102DAD249FC85100B236B2 /* AppDelegate.swift in Sources */ = {isa = PBXBuildFile; fileRef = C2102DAC249FC85100B236B2 /* AppDelegate.swift */; };
		C2102DAF249FC85100B236B2 /* SceneDelegate.swift in Sources */ = {isa = PBXBuildFile; fileRef = C2102DAE249FC85100B236B2 /* SceneDelegate.swift */; };
		C2102DB1249FC85100B236B2 /* ViewController.swift in Sources */ = {isa = PBXBuildFile; fileRef = C2102DB0249FC85100B236B2 /* ViewController.swift */; };
		C2102DB4249FC85100B236B2 /* Main.storyboard in Resources */ = {isa = PBXBuildFile; fileRef = C2102DB2249FC85100B236B2 /* Main.storyboard */; };
		C2102DB6249FC85800B236B2 /* Assets.xcassets in Resources */ = {isa = PBXBuildFile; fileRef = C2102DB5249FC85800B236B2 /* Assets.xcassets */; };
		C2102DB9249FC85800B236B2 /* LaunchScreen.storyboard in Resources */ = {isa = PBXBuildFile; fileRef = C2102DB7249FC85800B236B2 /* LaunchScreen.storyboard */; };
		C2102DC1249FC8DA00B236B2 /* Inceptionv3.mlmodel in Sources */ = {isa = PBXBuildFile; fileRef = C2102DC0249FC8DA00B236B2 /* Inceptionv3.mlmodel */; };
/* End PBXBuildFile section */

/* Begin PBXFileReference section */
		C2102DA9249FC85100B236B2 /* SeaFoods.app */ = {isa = PBXFileReference; explicitFileType = wrapper.application; includeInIndex = 0; path = SeaFoods.app; sourceTree = BUILT_PRODUCTS_DIR; };
		C2102DAC249FC85100B236B2 /* AppDelegate.swift */ = {isa = PBXFileReference; lastKnownFileType = sourcecode.swift; path = AppDelegate.swift; sourceTree = "<group>"; };
		C2102DAE249FC85100B236B2 /* SceneDelegate.swift */ = {isa = PBXFileReference; lastKnownFileType = sourcecode.swift; path = SceneDelegate.swift; sourceTree = "<group>"; };
		C2102DB0249FC85100B236B2 /* ViewController.swift */ = {isa = PBXFileReference; lastKnownFileType = sourcecode.swift; path = ViewController.swift; sourceTree = "<group>"; };
		C2102DB3249FC85100B236B2 /* Base */ = {isa = PBXFileReference; lastKnownFileType = file.storyboard; name = Base; path = Base.lproj/Main.storyboard; sourceTree = "<group>"; };
		C2102DB5249FC85800B236B2 /* Assets.xcassets */ = {isa = PBXFileReference; lastKnownFileType = folder.assetcatalog; path = Assets.xcassets; sourceTree = "<group>"; };
		C2102DB8249FC85800B236B2 /* Base */ = {isa = PBXFileReference; lastKnownFileType = file.storyboard; name = Base; path = Base.lproj/LaunchScreen.storyboard; sourceTree = "<group>"; };
		C2102DBA249FC85800B236B2 /* Info.plist */ = {isa = PBXFileReference; lastKnownFileType = text.plist.xml; path = Info.plist; sourceTree = "<group>"; };
		C2102DC0249FC8DA00B236B2 /* Inceptionv3.mlmodel */ = {isa = PBXFileReference; lastKnownFileType = file.mlmodel; path = Inceptionv3.mlmodel; sourceTree = "<group>"; };
/* End PBXFileReference section */

/* Begin PBXFrameworksBuildPhase section */
		C2102DA6249FC85100B236B2 /* Frameworks */ = {
			isa = PBXFrameworksBuildPhase;
			buildActionMask = 2147483647;
			files = (
			);
			runOnlyForDeploymentPostprocessing = 0;
		};
/* End PBXFrameworksBuildPhase section */

/* Begin PBXGroup section */
		C2102DA0249FC85000B236B2 = {
			isa = PBXGroup;
			children = (
				C2102DAB249FC85100B236B2 /* SeaFoods */,
				C2102DAA249FC85100B236B2 /* Products */,
			);
			sourceTree = "<group>";
		};
		C2102DAA249FC85100B236B2 /* Products */ = {
			isa = PBXGroup;
			children = (
				C2102DA9249FC85100B236B2 /* SeaFoods.app */,
			);
			name = Products;
			sourceTree = "<group>";
		};
		C2102DAB249FC85100B236B2 /* SeaFoods */ = {
			isa = PBXGroup;
			children = (
				C2102DAC249FC85100B236B2 /* AppDelegate.swift */,
				C2102DAE249FC85100B236B2 /* SceneDelegate.swift */,
				C2AD1D7A24A06C4C00A5176E /* Model */,
				C2AD1D7724A06BF200A5176E /* View */,
				C2AD1D7824A06C0600A5176E /* Controller */,
				C2102DB5249FC85800B236B2 /* Assets.xcassets */,
				C2102DBA249FC85800B236B2 /* Info.plist */,
				C2AD1D7924A06C1C00A5176E /* New Group */,
			);
			path = SeaFoods;
			sourceTree = "<group>";
		};
		C2AD1D7724A06BF200A5176E /* View */ = {
			isa = PBXGroup;
			children = (
				C2102DB2249FC85100B236B2 /* Main.storyboard */,
				C2102DB7249FC85800B236B2 /* LaunchScreen.storyboard */,
			);
			path = View;
			sourceTree = "<group>";
		};
		C2AD1D7824A06C0600A5176E /* Controller */ = {
			isa = PBXGroup;
			children = (
				C2102DB0249FC85100B236B2 /* ViewController.swift */,
			);
			path = Controller;
			sourceTree = "<group>";
		};
		C2AD1D7924A06C1C00A5176E /* New Group */ = {
			isa = PBXGroup;
			children = (
				C2102DC0249FC8DA00B236B2 /* Inceptionv3.mlmodel */,
			);
			path = "New Group";
			sourceTree = "<group>";
		};
		C2AD1D7A24A06C4C00A5176E /* Model */ = {
			isa = PBXGroup;
			children = (
			);
			path = Model;
			sourceTree = "<group>";
		};
/* End PBXGroup section */

/* Begin PBXNativeTarget section */
		C2102DA8249FC85100B236B2 /* SeaFoods */ = {
			isa = PBXNativeTarget;
			buildConfigurationList = C2102DBD249FC85800B236B2 /* Build configuration list for PBXNativeTarget "SeaFoods" */;
			buildPhases = (
				C2102DA5249FC85100B236B2 /* Sources */,
				C2102DA6249FC85100B236B2 /* Frameworks */,
				C2102DA7249FC85100B236B2 /* Resources */,
			);
			buildRules = (
			);
			dependencies = (
			);
			name = SeaFoods;
			productName = SeaFoods;
			productReference = C2102DA9249FC85100B236B2 /* SeaFoods.app */;
			productType = "com.apple.product-type.application";
		};
/* End PBXNativeTarget section */

/* Begin PBXProject section */
		C2102DA1249FC85100B236B2 /* Project object */ = {
			isa = PBXProject;
			attributes = {
				LastSwiftUpdateCheck = 1130;
				LastUpgradeCheck = 1130;
				ORGANIZATIONNAME = Madhu;
				TargetAttributes = {
					C2102DA8249FC85100B236B2 = {
						CreatedOnToolsVersion = 11.3.1;
					};
				};
			};
			buildConfigurationList = C2102DA4249FC85100B236B2 /* Build configuration list for PBXProject "SeaFoods" */;
			compatibilityVersion = "Xcode 9.3";
			developmentRegion = en;
			hasScannedForEncodings = 0;
			knownRegions = (
				en,
				Base,
			);
			mainGroup = C2102DA0249FC85000B236B2;
			productRefGroup = C2102DAA249FC85100B236B2 /* Products */;
			projectDirPath = "";
			projectRoot = "";
			targets = (
				C2102DA8249FC85100B236B2 /* SeaFoods */,
			);
		};
/* End PBXProject section */

/* Begin PBXResourcesBuildPhase section */
		C2102DA7249FC85100B236B2 /* Resources */ = {
			isa = PBXResourcesBuildPhase;
			buildActionMask = 2147483647;
			files = (
				C2102DB9249FC85800B236B2 /* LaunchScreen.storyboard in Resources */,
				C2102DB6249FC85800B236B2 /* Assets.xcassets in Resources */,
				C2102DB4249FC85100B236B2 /* Main.storyboard in Resources */,
			);
			runOnlyForDeploymentPostprocessing = 0;
		};
/* End PBXResourcesBuildPhase section */

/* Begin PBXSourcesBuildPhase section */
		C2102DA5249FC85100B236B2 /* Sources */ = {
			isa = PBXSourcesBuildPhase;
			buildActionMask = 2147483647;
			files = (
				C2102DB1249FC85100B236B2 /* ViewController.swift in Sources */,
				C2102DC1249FC8DA00B236B2 /* Inceptionv3.mlmodel in Sources */,
				C2102DAD249FC85100B236B2 /* AppDelegate.swift in Sources */,
				C2102DAF249FC85100B236B2 /* SceneDelegate.swift in Sources */,
			);
			runOnlyForDeploymentPostprocessing = 0;
		};
/* End PBXSourcesBuildPhase section */

/* Begin PBXVariantGroup section */
		C2102DB2249FC85100B236B2 /* Main.storyboard */ = {
			isa = PBXVariantGroup;
			children = (
				C2102DB3249FC85100B236B2 /* Base */,
			);
			name = Main.storyboard;
			sourceTree = "<group>";
		};
		C2102DB7249FC85800B236B2 /* LaunchScreen.storyboard */ = {
			isa = PBXVariantGroup;
			children = (
				C2102DB8249FC85800B236B2 /* Base */,
			);
			name = LaunchScreen.storyboard;
			sourceTree = "<group>";
		};
/* End PBXVariantGroup section */

/* Begin XCBuildConfiguration section */
		C2102DBB249FC85800B236B2 /* Debug */ = {
			isa = XCBuildConfiguration;
			buildSettings = {
				ALWAYS_SEARCH_USER_PATHS = NO;
				CLANG_ANALYZER_NONNULL = YES;
				CLANG_ANALYZER_NUMBER_OBJECT_CONVERSION = YES_AGGRESSIVE;
				CLANG_CXX_LANGUAGE_STANDARD = "gnu++14";
				CLANG_CXX_LIBRARY = "libc++";
				CLANG_ENABLE_MODULES = YES;
				CLANG_ENABLE_OBJC_ARC = YES;
				CLANG_ENABLE_OBJC_WEAK = YES;
				CLANG_WARN_BLOCK_CAPTURE_AUTORELEASING = YES;
				CLANG_WARN_BOOL_CONVERSION = YES;
				CLANG_WARN_COMMA = YES;
				CLANG_WARN_CONSTANT_CONVERSION = YES;
				CLANG_WARN_DEPRECATED_OBJC_IMPLEMENTATIONS = YES;
				CLANG_WARN_DIRECT_OBJC_ISA_USAGE = YES_ERROR;
				CLANG_WARN_DOCUMENTATION_COMMENTS = YES;
				CLANG_WARN_EMPTY_BODY = YES;
				CLANG_WARN_ENUM_CONVERSION = YES;
				CLANG_WARN_INFINITE_RECURSION = YES;
				CLANG_WARN_INT_CONVERSION = YES;
				CLANG_WARN_NON_LITERAL_NULL_CONVERSION = YES;
				CLANG_WARN_OBJC_IMPLICIT_RETAIN_SELF = YES;
				CLANG_WARN_OBJC_LITERAL_CONVERSION = YES;
				CLANG_WARN_OBJC_ROOT_CLASS = YES_ERROR;
				CLANG_WARN_RANGE_LOOP_ANALYSIS = YES;
				CLANG_WARN_STRICT_PROTOTYPES = YES;
				CLANG_WARN_SUSPICIOUS_MOVE = YES;
				CLANG_WARN_UNGUARDED_AVAILABILITY = YES_AGGRESSIVE;
				CLANG_WARN_UNREACHABLE_CODE = YES;
				CLANG_WARN__DUPLICATE_METHOD_MATCH = YES;
				COPY_PHASE_STRIP = NO;
				DEBUG_INFORMATION_FORMAT = dwarf;
				ENABLE_STRICT_OBJC_MSGSEND = YES;
				ENABLE_TESTABILITY = YES;
				GCC_C_LANGUAGE_STANDARD = gnu11;
				GCC_DYNAMIC_NO_PIC = NO;
				GCC_NO_COMMON_BLOCKS = YES;
				GCC_OPTIMIZATION_LEVEL = 0;
				GCC_PREPROCESSOR_DEFINITIONS = (
					"DEBUG=1",
					"$(inherited)",
				);
				GCC_WARN_64_TO_32_BIT_CONVERSION = YES;
				GCC_WARN_ABOUT_RETURN_TYPE = YES_ERROR;
				GCC_WARN_UNDECLARED_SELECTOR = YES;
				GCC_WARN_UNINITIALIZED_AUTOS = YES_AGGRESSIVE;
				GCC_WARN_UNUSED_FUNCTION = YES;
				GCC_WARN_UNUSED_VARIABLE = YES;
				IPHONEOS_DEPLOYMENT_TARGET = 13.2;
				MTL_ENABLE_DEBUG_INFO = INCLUDE_SOURCE;
				MTL_FAST_MATH = YES;
				ONLY_ACTIVE_ARCH = YES;
				SDKROOT = iphoneos;
				SWIFT_ACTIVE_COMPILATION_CONDITIONS = DEBUG;
				SWIFT_OPTIMIZATION_LEVEL = "-Onone";
			};
			name = Debug;
		};
		C2102DBC249FC85800B236B2 /* Release */ = {
			isa = XCBuildConfiguration;
			buildSettings = {
				ALWAYS_SEARCH_USER_PATHS = NO;
				CLANG_ANALYZER_NONNULL = YES;
				CLANG_ANALYZER_NUMBER_OBJECT_CONVERSION = YES_AGGRESSIVE;
				CLANG_CXX_LANGUAGE_STANDARD = "gnu++14";
				CLANG_CXX_LIBRARY = "libc++";
				CLANG_ENABLE_MODULES = YES;
				CLANG_ENABLE_OBJC_ARC = YES;
				CLANG_ENABLE_OBJC_WEAK = YES;
				CLANG_WARN_BLOCK_CAPTURE_AUTORELEASING = YES;
				CLANG_WARN_BOOL_CONVERSION = YES;
				CLANG_WARN_COMMA = YES;
				CLANG_WARN_CONSTANT_CONVERSION = YES;
				CLANG_WARN_DEPRECATED_OBJC_IMPLEMENTATIONS = YES;
				CLANG_WARN_DIRECT_OBJC_ISA_USAGE = YES_ERROR;
				CLANG_WARN_DOCUMENTATION_COMMENTS = YES;
				CLANG_WARN_EMPTY_BODY = YES;
				CLANG_WARN_ENUM_CONVERSION = YES;
				CLANG_WARN_INFINITE_RECURSION = YES;
				CLANG_WARN_INT_CONVERSION = YES;
				CLANG_WARN_NON_LITERAL_NULL_CONVERSION = YES;
				CLANG_WARN_OBJC_IMPLICIT_RETAIN_SELF = YES;
				CLANG_WARN_OBJC_LITERAL_CONVERSION = YES;
				CLANG_WARN_OBJC_ROOT_CLASS = YES_ERROR;
				CLANG_WARN_RANGE_LOOP_ANALYSIS = YES;
				CLANG_WARN_STRICT_PROTOTYPES = YES;
				CLANG_WARN_SUSPICIOUS_MOVE = YES;
				CLANG_WARN_UNGUARDED_AVAILABILITY = YES_AGGRESSIVE;
				CLANG_WARN_UNREACHABLE_CODE = YES;
				CLANG_WARN__DUPLICATE_METHOD_MATCH = YES;
				COPY_PHASE_STRIP = NO;
				DEBUG_INFORMATION_FORMAT = "dwarf-with-dsym";
				ENABLE_NS_ASSERTIONS = NO;
				ENABLE_STRICT_OBJC_MSGSEND = YES;
				GCC_C_LANGUAGE_STANDARD = gnu11;
				GCC_NO_COMMON_BLOCKS = YES;
				GCC_WARN_64_TO_32_BIT_CONVERSION = YES;
				GCC_WARN_ABOUT_RETURN_TYPE = YES_ERROR;
				GCC_WARN_UNDECLARED_SELECTOR = YES;
				GCC_WARN_UNINITIALIZED_AUTOS = YES_AGGRESSIVE;
				GCC_WARN_UNUSED_FUNCTION = YES;
				GCC_WARN_UNUSED_VARIABLE = YES;
				IPHONEOS_DEPLOYMENT_TARGET = 13.2;
				MTL_ENABLE_DEBUG_INFO = NO;
				MTL_FAST_MATH = YES;
				SDKROOT = iphoneos;
				SWIFT_COMPILATION_MODE = wholemodule;
				SWIFT_OPTIMIZATION_LEVEL = "-O";
				VALIDATE_PRODUCT = YES;
			};
			name = Release;
		};
		C2102DBE249FC85800B236B2 /* Debug */ = {
			isa = XCBuildConfiguration;
			buildSettings = {
				ASSETCATALOG_COMPILER_APPICON_NAME = AppIcon;
				CODE_SIGN_STYLE = Automatic;
				INFOPLIST_FILE = SeaFoods/Info.plist;
				LD_RUNPATH_SEARCH_PATHS = (
					"$(inherited)",
					"@executable_path/Frameworks",
				);
				PRODUCT_BUNDLE_IDENTIFIER = com.madhu.SeaFoods;
				PRODUCT_NAME = "$(TARGET_NAME)";
				SWIFT_VERSION = 5.0;
				TARGETED_DEVICE_FAMILY = "1,2";
			};
			name = Debug;
		};
		C2102DBF249FC85800B236B2 /* Release */ = {
			isa = XCBuildConfiguration;
			buildSettings = {
				ASSETCATALOG_COMPILER_APPICON_NAME = AppIcon;
				CODE_SIGN_STYLE = Automatic;
				INFOPLIST_FILE = SeaFoods/Info.plist;
				LD_RUNPATH_SEARCH_PATHS = (
					"$(inherited)",
					"@executable_path/Frameworks",
				);
				PRODUCT_BUNDLE_IDENTIFIER = com.madhu.SeaFoods;
				PRODUCT_NAME = "$(TARGET_NAME)";
				SWIFT_VERSION = 5.0;
				TARGETED_DEVICE_FAMILY = "1,2";
			};
			name = Release;
		};
/* End XCBuildConfiguration section */

/* Begin XCConfigurationList section */
		C2102DA4249FC85100B236B2 /* Build configuration list for PBXProject "SeaFoods" */ = {
			isa = XCConfigurationList;
			buildConfigurations = (
				C2102DBB249FC85800B236B2 /* Debug */,
				C2102DBC249FC85800B236B2 /* Release */,
			);
			defaultConfigurationIsVisible = 0;
			defaultConfigurationName = Release;
		};
		C2102DBD249FC85800B236B2 /* Build configuration list for PBXNativeTarget "SeaFoods" */ = {
			isa = XCConfigurationList;
			buildConfigurations = (
				C2102DBE249FC85800B236B2 /* Debug */,
				C2102DBF249FC85800B236B2 /* Release */,
			);
			defaultConfigurationIsVisible = 0;
			defaultConfigurationName = Release;
		};
/* End XCConfigurationList section */
	};
	rootObject = C2102DA1249FC85100B236B2 /* Project object */;
}
